PODS:
  - barometer (0.0.1):
    - Flutter
  - Flutter (1.0.0)

DEPENDENCIES:
  - barometer (from `.symlinks/plugins/barometer/ios`)
  - Flutter (from `Flutter`)

EXTERNAL SOURCES:
  barometer:
    :path: ".symlinks/plugins/barometer/ios"
  Flutter:
    :path: Flutter

SPEC CHECKSUMS:
  barometer: 26ca0ac5815ac8def07f27059975b98d5965ae2a
  Flutter: 0e3d915762c693b495b44d77113d4970485de6ec

PODFILE CHECKSUM: 1b66dae606f75376c5f2135a8290850eeb09ae83

COCOAPODS: 1.8.4
